lockfileVersion: 5.3

importers:

  .:
    specifiers:
      turbo: latest
    devDependencies:
      turbo: 1.1.6

  packages/ra-data-prisma:
    specifiers:
      '@types/node': ^17.0.21
      axios: ^0.26.1
      react-admin: ^3.19.10
    dependencies:
      '@types/node': 17.0.21
      axios: 0.26.1
      react-admin: 3.19.10

packages:

  /@babel/runtime/7.17.8:
    resolution: {integrity: sha512-dQpEpK0O9o6lj6oPu0gRDbbnk+4LeHlNcBpspf6Olzt3GIX4P1lWF1gS+pHLDFlaJvbR6q7jCfQ08zA4QJBnmA==}
    engines: {node: '>=6.9.0'}
    dependencies:
      regenerator-runtime: 0.13.9
    dev: false

  /@emotion/hash/0.8.0:
    resolution: {integrity: sha512-kBJtf7PH6aWwZ6fka3zQ0p6SBYzx4fl1LoZXE2RrnYST9Xljm7WfKJrU4g/Xr3Beg72MLrp1AWNUmuYJTL7Cow==}
    dev: false

  /@material-ui/core/4.12.3:
    resolution: {integrity: sha512-sdpgI/PL56QVsEJldwEe4FFaFTLUqN+rd7sSZiRCdx2E/C7z5yK0y/khAWVBH24tXwto7I1hCzNWfJGZIYJKnw==}
    engines: {node: '>=8.0.0'}
    deprecated: 'You can now upgrade to @mui/material. See the guide: https://mui.com/guides/migration-v4/'
    peerDependencies:
      '@types/react': ^16.8.6 || ^17.0.0
      react: ^16.8.0 || ^17.0.0
      react-dom: ^16.8.0 || ^17.0.0
    peerDependenciesMeta:
      '@types/react':
        optional: true
    dependencies:
      '@babel/runtime': 7.17.8
      '@material-ui/styles': 4.11.4
      '@material-ui/system': 4.12.1
      '@material-ui/types': 5.1.0
      '@material-ui/utils': 4.11.2
      '@types/react-transition-group': 4.4.4
      clsx: 1.1.1
      hoist-non-react-statics: 3.3.2
      popper.js: 1.16.1-lts
      prop-types: 15.8.1
      react-is: 17.0.2
      react-transition-group: 4.4.2
    dev: false

  /@material-ui/icons/4.11.2_@material-ui+core@4.12.3:
    resolution: {integrity: sha512-fQNsKX2TxBmqIGJCSi3tGTO/gZ+eJgWmMJkgDiOfyNaunNaxcklJQFaFogYcFl0qFuaEz1qaXYXboa/bUXVSOQ==}
    engines: {node: '>=8.0.0'}
    deprecated: 'You can now upgrade to @mui/icons. See the guide: https://mui.com/guides/migration-v4/'
    peerDependencies:
      '@material-ui/core': ^4.0.0
      '@types/react': ^16.8.6 || ^17.0.0
      react: ^16.8.0 || ^17.0.0
      react-dom: ^16.8.0 || ^17.0.0
    peerDependenciesMeta:
      '@types/react':
        optional: true
    dependencies:
      '@babel/runtime': 7.17.8
      '@material-ui/core': 4.12.3
    dev: false

  /@material-ui/styles/4.11.4:
    resolution: {integrity: sha512-KNTIZcnj/zprG5LW0Sao7zw+yG3O35pviHzejMdcSGCdWbiO8qzRgOYL8JAxAsWBKOKYwVZxXtHWaB5T2Kvxew==}
    engines: {node: '>=8.0.0'}
    deprecated: 'You can now upgrade to @mui/styles. See the guide: https://mui.com/guides/migration-v4/'
    peerDependencies:
      '@types/react': ^16.8.6 || ^17.0.0
      react: ^16.8.0 || ^17.0.0
      react-dom: ^16.8.0 || ^17.0.0
    peerDependenciesMeta:
      '@types/react':
        optional: true
    dependencies:
      '@babel/runtime': 7.17.8
      '@emotion/hash': 0.8.0
      '@material-ui/types': 5.1.0
      '@material-ui/utils': 4.11.2
      clsx: 1.1.1
      csstype: 2.6.20
      hoist-non-react-statics: 3.3.2
      jss: 10.9.0
      jss-plugin-camel-case: 10.9.0
      jss-plugin-default-unit: 10.9.0
      jss-plugin-global: 10.9.0
      jss-plugin-nested: 10.9.0
      jss-plugin-props-sort: 10.9.0
      jss-plugin-rule-value-function: 10.9.0
      jss-plugin-vendor-prefixer: 10.9.0
      prop-types: 15.8.1
    dev: false

  /@material-ui/system/4.12.1:
    resolution: {integrity: sha512-lUdzs4q9kEXZGhbN7BptyiS1rLNHe6kG9o8Y307HCvF4sQxbCgpL2qi+gUk+yI8a2DNk48gISEQxoxpgph0xIw==}
    engines: {node: '>=8.0.0'}
    deprecated: 'You can now upgrade to @mui/system. See the guide: https://mui.com/guides/migration-v4/'
    peerDependencies:
      '@types/react': ^16.8.6 || ^17.0.0
      react: ^16.8.0 || ^17.0.0
      react-dom: ^16.8.0 || ^17.0.0
    peerDependenciesMeta:
      '@types/react':
        optional: true
    dependencies:
      '@babel/runtime': 7.17.8
      '@material-ui/utils': 4.11.2
      csstype: 2.6.20
      prop-types: 15.8.1
    dev: false

  /@material-ui/types/5.1.0:
    resolution: {integrity: sha512-7cqRjrY50b8QzRSYyhSpx4WRw2YuO0KKIGQEVk5J8uoz2BanawykgZGoWEqKm7pVIbzFDN0SpPcVV4IhOFkl8A==}
    peerDependencies:
      '@types/react': '*'
    peerDependenciesMeta:
      '@types/react':
        optional: true
    dev: false

  /@material-ui/utils/4.11.2:
    resolution: {integrity: sha512-Uul8w38u+PICe2Fg2pDKCaIG7kOyhowZ9vjiC1FsVwPABTW8vPPKfF6OvxRq3IiBaI1faOJmgdvMG7rMJARBhA==}
    engines: {node: '>=8.0.0'}
    peerDependencies:
      react: ^16.8.0 || ^17.0.0
      react-dom: ^16.8.0 || ^17.0.0
    dependencies:
      '@babel/runtime': 7.17.8
      prop-types: 15.8.1
      react-is: 17.0.2
    dev: false

  /@redux-saga/core/1.1.3:
    resolution: {integrity: sha512-8tInBftak8TPzE6X13ABmEtRJGjtK17w7VUs7qV17S8hCO5S3+aUTWZ/DBsBJPdE8Z5jOPwYALyvofgq1Ws+kg==}
    dependencies:
      '@babel/runtime': 7.17.8
      '@redux-saga/deferred': 1.1.2
      '@redux-saga/delay-p': 1.1.2
      '@redux-saga/is': 1.1.2
      '@redux-saga/symbols': 1.1.2
      '@redux-saga/types': 1.1.0
      redux: 4.1.2
      typescript-tuple: 2.2.1
    dev: false

  /@redux-saga/deferred/1.1.2:
    resolution: {integrity: sha512-908rDLHFN2UUzt2jb4uOzj6afpjgJe3MjICaUNO3bvkV/kN/cNeI9PMr8BsFXB/MR8WTAZQq/PlTq8Kww3TBSQ==}
    dev: false

  /@redux-saga/delay-p/1.1.2:
    resolution: {integrity: sha512-ojc+1IoC6OP65Ts5+ZHbEYdrohmIw1j9P7HS9MOJezqMYtCDgpkoqB5enAAZrNtnbSL6gVCWPHaoaTY5KeO0/g==}
    dependencies:
      '@redux-saga/symbols': 1.1.2
    dev: false

  /@redux-saga/is/1.1.2:
    resolution: {integrity: sha512-OLbunKVsCVNTKEf2cH4TYyNbbPgvmZ52iaxBD4I1fTif4+MTXMa4/Z07L83zW/hTCXwpSZvXogqMqLfex2Tg6w==}
    dependencies:
      '@redux-saga/symbols': 1.1.2
      '@redux-saga/types': 1.1.0
    dev: false

  /@redux-saga/symbols/1.1.2:
    resolution: {integrity: sha512-EfdGnF423glv3uMwLsGAtE6bg+R9MdqlHEzExnfagXPrIiuxwr3bdiAwz3gi+PsrQ3yBlaBpfGLtDG8rf3LgQQ==}
    dev: false

  /@redux-saga/types/1.1.0:
    resolution: {integrity: sha512-afmTuJrylUU/0OtqzaRkbyYFFNgCF73Bvel/sw90pvGrWIZ+vyoIJqA6eMSoA6+nb443kTmulmBtC9NerXboNg==}
    dev: false

  /@types/hoist-non-react-statics/3.3.1:
    resolution: {integrity: sha512-iMIqiko6ooLrTh1joXodJK5X9xeEALT1kM5G3ZLhD3hszxBdIEd5C75U834D9mLcINgD4OyZf5uQXjkuYydWvA==}
    dependencies:
      '@types/react': 17.0.41
      hoist-non-react-statics: 3.3.2
    dev: false

  /@types/node/17.0.21:
    resolution: {integrity: sha512-DBZCJbhII3r90XbQxI8Y9IjjiiOGlZ0Hr32omXIZvwwZ7p4DMMXGrKXVyPfuoBOri9XNtL0UK69jYIBIsRX3QQ==}
    dev: false

  /@types/prop-types/15.7.4:
    resolution: {integrity: sha512-rZ5drC/jWjrArrS8BR6SIr4cWpW09RNTYt9AMZo3Jwwif+iacXAqgVjm0B0Bv/S1jhDXKHqRVNCbACkJ89RAnQ==}
    dev: false

  /@types/react-redux/7.1.23:
    resolution: {integrity: sha512-D02o3FPfqQlfu2WeEYwh3x2otYd2Dk1o8wAfsA0B1C2AJEFxE663Ozu7JzuWbznGgW248NaOF6wsqCGNq9d3qw==}
    dependencies:
      '@types/hoist-non-react-statics': 3.3.1
      '@types/react': 17.0.41
      hoist-non-react-statics: 3.3.2
      redux: 4.1.2
    dev: false

  /@types/react-transition-group/4.4.4:
    resolution: {integrity: sha512-7gAPz7anVK5xzbeQW9wFBDg7G++aPLAFY0QaSMOou9rJZpbuI58WAuJrgu+qR92l61grlnCUe7AFX8KGahAgug==}
    dependencies:
      '@types/react': 17.0.41
    dev: false

  /@types/react/17.0.41:
    resolution: {integrity: sha512-chYZ9ogWUodyC7VUTRBfblysKLjnohhFY9bGLwvnUFFy48+vB9DikmB3lW0qTFmBcKSzmdglcvkHK71IioOlDA==}
    dependencies:
      '@types/prop-types': 15.7.4
      '@types/scheduler': 0.16.2
      csstype: 3.0.11
    dev: false

  /@types/scheduler/0.16.2:
    resolution: {integrity: sha512-hppQEBDmlwhFAXKJX2KnWLYu5yMfi91yazPb2l+lbJiwW+wdo1gNeRA+3RgNSO39WYX2euey41KEwnqesU2Jew==}
    dev: false

  /array.prototype.foreach/1.0.2:
    resolution: {integrity: sha512-gCOgyBKIaFL5hekfQLhsNmF0TY4Y5JdtOyFKtbSpL72oiCAZ9Zi7TFvcfSsM1LnBFMog1RYVJF0PHgtnY+U5nA==}
    engines: {node: '>= 0.4'}
    dependencies:
      call-bind: 1.0.2
      define-properties: 1.1.3
      es-abstract: 1.19.1
      es-array-method-boxes-properly: 1.0.0
      get-intrinsic: 1.1.1
      is-string: 1.0.7
    dev: false

  /attr-accept/2.2.2:
    resolution: {integrity: sha512-7prDjvt9HmqiZ0cl5CRjtS84sEyhsHP2coDkaZKRKVfCDo9s7iw7ChVmar78Gu9pC4SoR/28wFu/G5JJhTnqEg==}
    engines: {node: '>=4'}
    dev: false

  /autosuggest-highlight/3.2.1:
    resolution: {integrity: sha512-PZk89g6W6cyE+fbnWF2CCIUAmP55o5wceKVqqL6oosgvbWHKa2Mes6nRC/PGj7OwqBgIy65Nd21Dw3h6qodOmg==}
    dependencies:
      diacritic: 0.0.2
    dev: false

  /axios/0.26.1:
    resolution: {integrity: sha512-fPwcX4EvnSHuInCMItEhAGnaSEXRBjtzh9fOtsE6E1G6p7vl7edEeZe11QHf18+6+9gR5PbKV/sGKNaD8YaMeA==}
    dependencies:
      follow-redirects: 1.14.9
    transitivePeerDependencies:
      - debug
    dev: false

  /call-bind/1.0.2:
    resolution: {integrity: sha512-7O+FbCihrB5WGbFYesctwmTKae6rOiIzmz1icreWJ+0aA7LJfuqhEso2T9ncpcFtzMQtzXf2QGGueWJGTYsqrA==}
    dependencies:
      function-bind: 1.1.1
      get-intrinsic: 1.1.1
    dev: false

  /classnames/2.2.6:
    resolution: {integrity: sha512-JR/iSQOSt+LQIWwrwEzJ9uk0xfN3mTVYMwt1Ir5mUcSN6pU+V4zQFFaJsclJbPuAUQH+yfWef6tm7l1quW3C8Q==}
    dev: false

  /classnames/2.3.1:
    resolution: {integrity: sha512-OlQdbZ7gLfGarSqxesMesDa5uz7KFbID8Kpq/SxIoNGDqY8lSYs0D+hhtBXhcdB3rcbXArFr7vlHheLk1voeNA==}
    dev: false

  /clsx/1.1.1:
    resolution: {integrity: sha512-6/bPho624p3S2pMyvP5kKBPXnI3ufHLObBFCfgx+LkeR5lg2XYy2hqZqUf45ypD8COn2bhgGJSUE+l5dhNBieA==}
    engines: {node: '>=6'}
    dev: false

  /compute-scroll-into-view/1.0.17:
    resolution: {integrity: sha512-j4dx+Fb0URmzbwwMUrhqWM2BEWHdFGx+qZ9qqASHRPqvTYdqvWnHg0H1hIbcyLnvgnoNAVMlwkepyqM3DaIFUg==}
    dev: false

  /connected-react-router/6.9.2_f154a62d2800dc49809e7ba2283258df:
    resolution: {integrity: sha512-bE8kNBiZv9Mivp7pYn9JvLH5ItTjLl45kk1/Vha0rmAK9I/ETb5JPJrAm0h2KCG9qLfv7vqU3Jo4UUDo0oJnQg==}
    peerDependencies:
      history: ^4.7.2
      react: ^16.4.0 || ^17.0.0
      react-redux: ^6.0.0 || ^7.1.0
      react-router: ^4.3.1 || ^5.0.0
      redux: ^3.6.0 || ^4.0.0
    dependencies:
      lodash.isequalwith: 4.4.0
      prop-types: 15.8.1
      react-redux: 7.2.6
      react-router: 5.2.1
      redux: 4.1.2
    optionalDependencies:
      immutable: 4.0.0
      seamless-immutable: 7.1.4
    dev: false

  /css-mediaquery/0.1.2:
    resolution: {integrity: sha1-aiw3NEkoYYYxxUvTPO3TAdoYvqA=}
    dev: false

  /css-vendor/2.0.8:
    resolution: {integrity: sha512-x9Aq0XTInxrkuFeHKbYC7zWY8ai7qJ04Kxd9MnvbC1uO5DagxoHQjm4JvG+vCdXOoFtCjbL2XSZfxmoYa9uQVQ==}
    dependencies:
      '@babel/runtime': 7.17.8
      is-in-browser: 1.1.3
    dev: false

  /csstype/2.6.20:
    resolution: {integrity: sha512-/WwNkdXfckNgw6S5R125rrW8ez139lBHWouiBvX8dfMFtcn6V81REDqnH7+CRpRipfYlyU1CmOnOxrmGcFOjeA==}
    dev: false

  /csstype/3.0.11:
    resolution: {integrity: sha512-sa6P2wJ+CAbgyy4KFssIb/JNMLxFvKF1pCYCSXS8ZMuqZnMsrxqI2E5sPyoTpxoPU/gVZMzr2zjOfg8GIZOMsw==}
    dev: false

  /date-fns/1.30.1:
    resolution: {integrity: sha512-hBSVCvSmWC+QypYObzwGOd9wqdDpOt+0wl0KbU+R+uuZBS1jN8VsD1ss3irQDknRj5NvxiTF6oj/nDRnN/UQNw==}
    dev: false

  /decode-uri-component/0.2.0:
    resolution: {integrity: sha1-6zkTMzRYd1y4TNGh+uBiEGu4dUU=}
    engines: {node: '>=0.10'}
    dev: false

  /define-properties/1.1.3:
    resolution: {integrity: sha512-3MqfYKj2lLzdMSf8ZIZE/V+Zuy+BgD6f164e8K2w7dgnpKArBDerGYpM46IYYcjnkdPNMjPk9A6VFB8+3SKlXQ==}
    engines: {node: '>= 0.4'}
    dependencies:
      object-keys: 1.1.1
    dev: false

  /diacritic/0.0.2:
    resolution: {integrity: sha1-/CqIe1pbwKCoVPthTHwvIJBh7gQ=}
    dev: false

  /dom-helpers/5.2.1:
    resolution: {integrity: sha512-nRCa7CK3VTrM2NmGkIy4cbK7IZlgBE/PYMn55rrXefr5xXDP0LdtfPnblFDoVdcAfslJ7or6iqAUnx0CCGIWQA==}
    dependencies:
      '@babel/runtime': 7.17.8
      csstype: 3.0.11
    dev: false

  /downshift/3.2.7:
    resolution: {integrity: sha512-mbUO9ZFhMGtksIeVWRFFjNOPN237VsUqZSEYi0VS0Wj38XNLzpgOBTUcUjdjFeB8KVgmrcRa6GGFkTbACpG6FA==}
    peerDependencies:
      react: '>=0.14.9'
    dependencies:
      '@babel/runtime': 7.17.8
      compute-scroll-into-view: 1.0.17
      prop-types: 15.8.1
      react-is: 16.13.1
    dev: false

  /es-abstract/1.19.1:
    resolution: {integrity: sha512-2vJ6tjA/UfqLm2MPs7jxVybLoB8i1t1Jd9R3kISld20sIxPcTbLuggQOUxeWeAvIUkduv/CfMjuh4WmiXr2v9w==}
    engines: {node: '>= 0.4'}
    dependencies:
      call-bind: 1.0.2
      es-to-primitive: 1.2.1
      function-bind: 1.1.1
      get-intrinsic: 1.1.1
      get-symbol-description: 1.0.0
      has: 1.0.3
      has-symbols: 1.0.3
      internal-slot: 1.0.3
      is-callable: 1.2.4
      is-negative-zero: 2.0.2
      is-regex: 1.1.4
      is-shared-array-buffer: 1.0.1
      is-string: 1.0.7
      is-weakref: 1.0.2
      object-inspect: 1.12.0
      object-keys: 1.1.1
      object.assign: 4.1.2
      string.prototype.trimend: 1.0.4
      string.prototype.trimstart: 1.0.4
      unbox-primitive: 1.0.1
    dev: false

  /es-array-method-boxes-properly/1.0.0:
    resolution: {integrity: sha512-wd6JXUmyHmt8T5a2xreUwKcGPq6f1f+WwIJkijUqiGcJz1qqnZgP6XIK+QyIWU5lT7imeNxUll48bziG+TSYcA==}
    dev: false

  /es-to-primitive/1.2.1:
    resolution: {integrity: sha512-QCOllgZJtaUo9miYBcLChTUaHNjJF3PYs1VidD7AwiEj1kYxKeQTctLAezAOH5ZKRH0g2IgPn6KwB4IT8iRpvA==}
    engines: {node: '>= 0.4'}
    dependencies:
      is-callable: 1.2.4
      is-date-object: 1.0.5
      is-symbol: 1.0.4
    dev: false

  /eventemitter3/3.1.2:
    resolution: {integrity: sha512-tvtQIeLVHjDkJYnzf2dgVMxfuSGJeM/7UCG17TT4EumTfNtF+0nebF/4zWOIkCreAbtNqhGEboB6BWrwqNaw4Q==}
    dev: false

  /file-selector/0.1.19:
    resolution: {integrity: sha512-kCWw3+Aai8Uox+5tHCNgMFaUdgidxvMnLWO6fM5sZ0hA2wlHP5/DHGF0ECe84BiB95qdJbKNEJhWKVDvMN+JDQ==}
    engines: {node: '>= 10'}
    dependencies:
      tslib: 2.3.1
    dev: false

  /final-form-arrays/3.0.2_final-form@4.20.6:
    resolution: {integrity: sha512-TfO8aZNz3RrsZCDx8GHMQcyztDNpGxSSi9w4wpSNKlmv2PfFWVVM8P7Yj5tj4n0OWax+x5YwTLhT5BnqSlCi+w==}
    peerDependencies:
      final-form: ^4.18.2
    dependencies:
      final-form: 4.20.6
    dev: false

  /final-form/4.20.6:
    resolution: {integrity: sha512-fCdwIj49KOaFfDRlXB57Eo+GghIMZQWrA9TakQI3C9uQxHwaFHXqZSNRlUdfnQmNNeySwGOaGPZCvjy58hyv4w==}
    dependencies:
      '@babel/runtime': 7.17.8
    dev: false

  /follow-redirects/1.14.9:
    resolution: {integrity: sha512-MQDfihBQYMcyy5dhRDJUHcw7lb2Pv/TuE6xP1vyraLukNDHKbDxDNaOE3NbCAdKQApno+GPRyo1YAp89yCjK4w==}
    engines: {node: '>=4.0'}
    peerDependencies:
      debug: '*'
    peerDependenciesMeta:
      debug:
        optional: true
    dev: false

  /function-bind/1.1.1:
    resolution: {integrity: sha512-yIovAzMX49sF8Yl58fSCWJ5svSLuaibPxXQJFLmBObTuCr0Mf1KiPopGM9NiFjiYBCbfaa2Fh6breQ6ANVTI0A==}
    dev: false

  /get-intrinsic/1.1.1:
    resolution: {integrity: sha512-kWZrnVM42QCiEA2Ig1bG8zjoIMOgxWwYCEeNdwY6Tv/cOSeGpcoX4pXHfKUxNKVoArnrEr2e9srnAxxGIraS9Q==}
    dependencies:
      function-bind: 1.1.1
      has: 1.0.3
      has-symbols: 1.0.3
    dev: false

  /get-symbol-description/1.0.0:
    resolution: {integrity: sha512-2EmdH1YvIQiZpltCNgkuiUnyukzxM/R6NDJX31Ke3BG1Nq5b0S2PhX59UKi9vZpPDQVdqn+1IcaAwnzTT5vCjw==}
    engines: {node: '>= 0.4'}
    dependencies:
      call-bind: 1.0.2
      get-intrinsic: 1.1.1
    dev: false

  /has-bigints/1.0.1:
    resolution: {integrity: sha512-LSBS2LjbNBTf6287JEbEzvJgftkF5qFkmCo9hDRpAzKhUOlJ+hx8dd4USs00SgsUNwc4617J9ki5YtEClM2ffA==}
    dev: false

  /has-symbols/1.0.3:
    resolution: {integrity: sha512-l3LCuF6MgDNwTDKkdYGEihYjt5pRPbEg46rtlmnSPlUbgmB8LOIrKJbYYFBSbnPaJexMKtiPO8hmeRjRz2Td+A==}
    engines: {node: '>= 0.4'}
    dev: false

  /has-tostringtag/1.0.0:
    resolution: {integrity: sha512-kFjcSNhnlGV1kyoGk7OXKSawH5JOb/LzUc5w9B02hOTO0dfFRjbHQKvg1d6cf3HbeUmtU9VbbV3qzZ2Teh97WQ==}
    engines: {node: '>= 0.4'}
    dependencies:
      has-symbols: 1.0.3
    dev: false

  /has/1.0.3:
    resolution: {integrity: sha512-f2dvO0VU6Oej7RkWJGrehjbzMAjFp5/VKPp5tTpWIV4JHHZK1/BxbFRtf/siA2SWTe09caDmVtYYzWEIbBS4zw==}
    engines: {node: '>= 0.4.0'}
    dependencies:
      function-bind: 1.1.1
    dev: false

  /history/4.10.1:
    resolution: {integrity: sha512-36nwAD620w12kuzPAsyINPWJqlNbij+hpK1k9XRloDtym8mxzGYl2c17LnV6IAGB2Dmg4tEa7G7DlawS0+qjew==}
    dependencies:
      '@babel/runtime': 7.17.8
      loose-envify: 1.4.0
      resolve-pathname: 3.0.0
      tiny-invariant: 1.2.0
      tiny-warning: 1.0.3
      value-equal: 1.0.1
    dev: false

  /hoist-non-react-statics/3.3.2:
    resolution: {integrity: sha512-/gGivxi8JPKWNm/W0jSmzcMPpfpPLc3dY/6GxhX2hQ9iGj3aDfklV4ET7NjKpSinLpJ5vafa9iiGIEZg10SfBw==}
    dependencies:
      react-is: 16.13.1
    dev: false

  /hyphenate-style-name/1.0.4:
    resolution: {integrity: sha512-ygGZLjmXfPHj+ZWh6LwbC37l43MhfztxetbFCoYTM2VjkIUpeHgSNn7QIyVFj7YQ1Wl9Cbw5sholVJPzWvC2MQ==}
    dev: false

  /immutable/4.0.0:
    resolution: {integrity: sha512-zIE9hX70qew5qTUjSS7wi1iwj/l7+m54KWU247nhM3v806UdGj1yDndXj+IOYxxtW9zyLI+xqFNZjTuDaLUqFw==}
    requiresBuild: true
    dev: false
    optional: true

  /inflection/1.13.2:
    resolution: {integrity: sha512-cmZlljCRTBFouT8UzMzrGcVEvkv6D/wBdcdKG7J1QH5cXjtU75Dm+P27v9EKu/Y43UYyCJd1WC4zLebRrC8NBw==}
    engines: {'0': node >= 0.4.0}
    dev: false

  /internal-slot/1.0.3:
    resolution: {integrity: sha512-O0DB1JC/sPyZl7cIo78n5dR7eUSwwpYPiXRhTzNxZVAMUuB8vlnRFyLxdrVToks6XPLVnFfbzaVd5WLjhgg+vA==}
    engines: {node: '>= 0.4'}
    dependencies:
      get-intrinsic: 1.1.1
      has: 1.0.3
      side-channel: 1.0.4
    dev: false

  /is-bigint/1.0.4:
    resolution: {integrity: sha512-zB9CruMamjym81i2JZ3UMn54PKGsQzsJeo6xvN3HJJ4CAsQNB6iRutp2To77OfCNuoxspsIhzaPoO1zyCEhFOg==}
    dependencies:
      has-bigints: 1.0.1
    dev: false

  /is-boolean-object/1.1.2:
    resolution: {integrity: sha512-gDYaKHJmnj4aWxyj6YHyXVpdQawtVLHU5cb+eztPGczf6cjuTdwve5ZIEfgXqH4e57An1D1AKf8CZ3kYrQRqYA==}
    engines: {node: '>= 0.4'}
    dependencies:
      call-bind: 1.0.2
      has-tostringtag: 1.0.0
    dev: false

  /is-callable/1.2.4:
    resolution: {integrity: sha512-nsuwtxZfMX67Oryl9LCQ+upnC0Z0BgpwntpS89m1H/TLF0zNfzfLMV/9Wa/6MZsj0acpEjAO0KF1xT6ZdLl95w==}
    engines: {node: '>= 0.4'}
    dev: false

  /is-date-object/1.0.5:
    resolution: {integrity: sha512-9YQaSxsAiSwcvS33MBk3wTCVnWK+HhF8VZR2jRxehM16QcVOdHqPn4VPHmRK4lSr38n9JriurInLcP90xsYNfQ==}
    engines: {node: '>= 0.4'}
    dependencies:
      has-tostringtag: 1.0.0
    dev: false

  /is-in-browser/1.1.3:
    resolution: {integrity: sha1-Vv9NtoOgeMYILrldrX3GLh0E+DU=}
    dev: false

  /is-negative-zero/2.0.2:
    resolution: {integrity: sha512-dqJvarLawXsFbNDeJW7zAz8ItJ9cd28YufuuFzh0G8pNHjJMnY08Dv7sYX2uF5UpQOwieAeOExEYAWWfu7ZZUA==}
    engines: {node: '>= 0.4'}
    dev: false

  /is-number-object/1.0.6:
    resolution: {integrity: sha512-bEVOqiRcvo3zO1+G2lVMy+gkkEm9Yh7cDMRusKKu5ZJKPUYSJwICTKZrNKHA2EbSP0Tu0+6B/emsYNHZyn6K8g==}
    engines: {node: '>= 0.4'}
    dependencies:
      has-tostringtag: 1.0.0
    dev: false

  /is-regex/1.1.4:
    resolution: {integrity: sha512-kvRdxDsxZjhzUX07ZnLydzS1TU/TJlTUHHY4YLL87e37oUA49DfkLqgy+VjFocowy29cKvcSiu+kIv728jTTVg==}
    engines: {node: '>= 0.4'}
    dependencies:
      call-bind: 1.0.2
      has-tostringtag: 1.0.0
    dev: false

  /is-shared-array-buffer/1.0.1:
    resolution: {integrity: sha512-IU0NmyknYZN0rChcKhRO1X8LYz5Isj/Fsqh8NJOSf+N/hCOTwy29F32Ik7a+QszE63IdvmwdTPDd6cZ5pg4cwA==}
    dev: false

  /is-string/1.0.7:
    resolution: {integrity: sha512-tE2UXzivje6ofPW7l23cjDOMa09gb7xlAqG6jG5ej6uPV32TlWP3NKPigtaGeHNu9fohccRYvIiZMfOOnOYUtg==}
    engines: {node: '>= 0.4'}
    dependencies:
      has-tostringtag: 1.0.0
    dev: false

  /is-symbol/1.0.4:
    resolution: {integrity: sha512-C/CPBqKWnvdcxqIARxyOh4v1UUEOCHpgDa0WYgpKDFMszcrPcffg5uhwSgPCLD2WWxmq6isisz87tzT01tuGhg==}
    engines: {node: '>= 0.4'}
    dependencies:
      has-symbols: 1.0.3
    dev: false

  /is-weakref/1.0.2:
    resolution: {integrity: sha512-qctsuLZmIQ0+vSSMfoVvyFe2+GSEvnmZ2ezTup1SBse9+twCCeial6EEi3Nc2KFcf6+qz2FBPnjXsk8xhKSaPQ==}
    dependencies:
      call-bind: 1.0.2
    dev: false

  /isarray/0.0.1:
    resolution: {integrity: sha1-ihis/Kmo9Bd+Cav8YDiTmwXR7t8=}
    dev: false

  /js-tokens/4.0.0:
    resolution: {integrity: sha512-RdJUflcE3cUzKiMqQgsCu06FPu9UdIJO0beYbPhHN4k6apgJtifcoCtT9bcxOpYBtpD2kCM6Sbzg4CausW/PKQ==}
    dev: false

  /jsonexport/2.5.2:
    resolution: {integrity: sha512-4joNLCxxUAmS22GN3GA5os/MYFnq8oqXOKvoCymmcT0MPz/QPZ5eA+Fh5sIPxUji45RKq8DdQ1yoKq91p4E9VA==}
    hasBin: true
    dev: false

  /jss-plugin-camel-case/10.9.0:
    resolution: {integrity: sha512-UH6uPpnDk413/r/2Olmw4+y54yEF2lRIV8XIZyuYpgPYTITLlPOsq6XB9qeqv+75SQSg3KLocq5jUBXW8qWWww==}
    dependencies:
      '@babel/runtime': 7.17.8
      hyphenate-style-name: 1.0.4
      jss: 10.9.0
    dev: false

  /jss-plugin-default-unit/10.9.0:
    resolution: {integrity: sha512-7Ju4Q9wJ/MZPsxfu4T84mzdn7pLHWeqoGd/D8O3eDNNJ93Xc8PxnLmV8s8ZPNRYkLdxZqKtm1nPQ0BM4JRlq2w==}
    dependencies:
      '@babel/runtime': 7.17.8
      jss: 10.9.0
    dev: false

  /jss-plugin-global/10.9.0:
    resolution: {integrity: sha512-4G8PHNJ0x6nwAFsEzcuVDiBlyMsj2y3VjmFAx/uHk/R/gzJV+yRHICjT4MKGGu1cJq2hfowFWCyrr/Gg37FbgQ==}
    dependencies:
      '@babel/runtime': 7.17.8
      jss: 10.9.0
    dev: false

  /jss-plugin-nested/10.9.0:
    resolution: {integrity: sha512-2UJnDrfCZpMYcpPYR16oZB7VAC6b/1QLsRiAutOt7wJaaqwCBvNsosLEu/fUyKNQNGdvg2PPJFDO5AX7dwxtoA==}
    dependencies:
      '@babel/runtime': 7.17.8
      jss: 10.9.0
      tiny-warning: 1.0.3
    dev: false

  /jss-plugin-props-sort/10.9.0:
    resolution: {integrity: sha512-7A76HI8bzwqrsMOJTWKx/uD5v+U8piLnp5bvru7g/3ZEQOu1+PjHvv7bFdNO3DwNPC9oM0a//KwIJsIcDCjDzw==}
    dependencies:
      '@babel/runtime': 7.17.8
      jss: 10.9.0
    dev: false

  /jss-plugin-rule-value-function/10.9.0:
    resolution: {integrity: sha512-IHJv6YrEf8pRzkY207cPmdbBstBaE+z8pazhPShfz0tZSDtRdQua5jjg6NMz3IbTasVx9FdnmptxPqSWL5tyJg==}
    dependencies:
      '@babel/runtime': 7.17.8
      jss: 10.9.0
      tiny-warning: 1.0.3
    dev: false

  /jss-plugin-vendor-prefixer/10.9.0:
    resolution: {integrity: sha512-MbvsaXP7iiVdYVSEoi+blrW+AYnTDvHTW6I6zqi7JcwXdc6I9Kbm234nEblayhF38EftoenbM+5218pidmC5gA==}
    dependencies:
      '@babel/runtime': 7.17.8
      css-vendor: 2.0.8
      jss: 10.9.0
    dev: false

  /jss/10.9.0:
    resolution: {integrity: sha512-YpzpreB6kUunQBbrlArlsMpXYyndt9JATbt95tajx0t4MTJJcCJdd4hdNpHmOIDiUJrF/oX5wtVFrS3uofWfGw==}
    dependencies:
      '@babel/runtime': 7.17.8
      csstype: 3.0.11
      is-in-browser: 1.1.3
      tiny-warning: 1.0.3
    dev: false

  /lodash.isequalwith/4.4.0:
    resolution: {integrity: sha1-Jmcm3dUo+FTyH06pigZWBuD7xrA=}
    dev: false

  /lodash/4.17.21:
    resolution: {integrity: sha512-v2kDEe57lecTulaDIuNTPy3Ry4gLGJ6Z1O3vE1krgXZNrsQ+LFTGHVxVjcXPs17LhbZVGedAJv8XZ1tvj5FvSg==}
    dev: false

  /loose-envify/1.4.0:
    resolution: {integrity: sha512-lyuxPGr/Wfhrlem2CL/UcnUc1zcqKAImBDzukY7Y5F/yQiNdko6+fRLevlw1HgMySw7f611UIY408EtxRSoK3Q==}
    hasBin: true
    dependencies:
      js-tokens: 4.0.0
    dev: false

  /mini-create-react-context/0.4.1_prop-types@15.8.1:
    resolution: {integrity: sha512-YWCYEmd5CQeHGSAKrYvXgmzzkrvssZcuuQDDeqkT+PziKGMgE+0MCCtcKbROzocGBG1meBLl2FotlRwf4gAzbQ==}
    peerDependencies:
      prop-types: ^15.0.0
      react: ^0.14.0 || ^15.0.0 || ^16.0.0 || ^17.0.0
    dependencies:
      '@babel/runtime': 7.17.8
      prop-types: 15.8.1
      tiny-warning: 1.0.3
    dev: false

  /node-polyglot/2.4.2:
    resolution: {integrity: sha512-AgTVpQ32BQ5XPI+tFHJ9bCYxWwSLvtmEodX8ooftFhEuyCgBG6ijWulIVb7pH3THigtgvc9uLiPn0IO51KHpkg==}
    dependencies:
      array.prototype.foreach: 1.0.2
      has: 1.0.3
      object.entries: 1.1.5
      string.prototype.trim: 1.2.5
      warning: 4.0.3
    dev: false

  /object-assign/4.1.1:
    resolution: {integrity: sha1-IQmtx5ZYh8/AXLvUQsrIv7s2CGM=}
    engines: {node: '>=0.10.0'}
    dev: false

  /object-inspect/1.12.0:
    resolution: {integrity: sha512-Ho2z80bVIvJloH+YzRmpZVQe87+qASmBUKZDWgx9cu+KDrX2ZDH/3tMy+gXbZETVGs2M8YdxObOh7XAtim9Y0g==}
    dev: false

  /object-keys/1.1.1:
    resolution: {integrity: sha512-NuAESUOUMrlIXOfHKzD6bpPu3tYt3xvjNdRIQ+FeT0lNb4K8WR70CaDxhuNguS2XG+GjkyMwOzsN5ZktImfhLA==}
    engines: {node: '>= 0.4'}
    dev: false

  /object.assign/4.1.2:
    resolution: {integrity: sha512-ixT2L5THXsApyiUPYKmW+2EHpXXe5Ii3M+f4e+aJFAHao5amFRW6J0OO6c/LU8Be47utCx2GL89hxGB6XSmKuQ==}
    engines: {node: '>= 0.4'}
    dependencies:
      call-bind: 1.0.2
      define-properties: 1.1.3
      has-symbols: 1.0.3
      object-keys: 1.1.1
    dev: false

  /object.entries/1.1.5:
    resolution: {integrity: sha512-TyxmjUoZggd4OrrU1W66FMDG6CuqJxsFvymeyXI51+vQLN67zYfZseptRge703kKQdo4uccgAKebXFcRCzk4+g==}
    engines: {node: '>= 0.4'}
    dependencies:
      call-bind: 1.0.2
      define-properties: 1.1.3
      es-abstract: 1.19.1
    dev: false

  /path-to-regexp/1.8.0:
    resolution: {integrity: sha512-n43JRhlUKUAlibEJhPeir1ncUID16QnEjNpwzNdO3Lm4ywrBpBZ5oLD0I6br9evr1Y9JTqwRtAh7JLoOzAQdVA==}
    dependencies:
      isarray: 0.0.1
    dev: false

  /popper.js/1.16.1-lts:
    resolution: {integrity: sha512-Kjw8nKRl1m+VrSFCoVGPph93W/qrSO7ZkqPpTf7F4bk/sqcfWK019dWBUpE/fBOsOQY1dks/Bmcbfn1heM/IsA==}
    dev: false

  /prop-types/15.8.1:
    resolution: {integrity: sha512-oj87CgZICdulUohogVAR7AjlC0327U4el4L6eAvOqCeudMDVU0NThNaV+b9Df4dXgSP1gXMTnPdhfe/2qDH5cg==}
    dependencies:
      loose-envify: 1.4.0
      object-assign: 4.1.1
      react-is: 16.13.1
    dev: false

  /query-string/5.1.1:
    resolution: {integrity: sha512-gjWOsm2SoGlgLEdAGt7a6slVOk9mGiXmPFMqrEhLQ68rhQuBnpfs3+EmlvqKyxnCo9/PPlF+9MtY02S1aFg+Jw==}
    engines: {node: '>=0.10.0'}
    dependencies:
      decode-uri-component: 0.2.0
      object-assign: 4.1.1
      strict-uri-encode: 1.1.0
    dev: false

  /ra-core/3.19.10_7141011ec4806652fcd95dfc96b29f17:
    resolution: {integrity: sha512-jOPh5PVH9WKu217tiL4ef2+V2OMkf5/wjkPw4xLemKSydKYJG5FyByzL5QE/3k7UkG6TsnJWBVaf0TOhCm5SZw==}
    peerDependencies:
      connected-react-router: ^6.5.2
      final-form: ^4.20.2
      react: ^16.9.0 || ^17.0.0
      react-dom: ^16.9.0 || ^17.0.0
      react-final-form: ^6.5.2
      react-redux: ^7.1.0
      react-router: ^5.1.0
      react-router-dom: ^5.1.0
      redux: ^3.7.2 || ^4.0.3
      redux-saga: ^1.0.0
    dependencies:
      classnames: 2.3.1
      connected-react-router: 6.9.2_f154a62d2800dc49809e7ba2283258df
      date-fns: 1.30.1
      eventemitter3: 3.1.2
      final-form: 4.20.6
      inflection: 1.13.2
      lodash: 4.17.21
      prop-types: 15.8.1
      query-string: 5.1.1
      react-final-form: 6.5.8_final-form@4.20.6
      react-redux: 7.2.6
      react-router: 5.2.1
      react-router-dom: 5.3.0
      redux: 4.1.2
      redux-saga: 1.1.3
      reselect: 3.0.1
    dev: false

  /ra-i18n-polyglot/3.19.10_7141011ec4806652fcd95dfc96b29f17:
    resolution: {integrity: sha512-AqBIUUdYQ5OIIZrAOpNyYSEQz+nUjSBd4wYvr1ulKddTXAFrsIfNYF8y5xHeguazGuiqxmFYpswnc3y0/Af4iw==}
    dependencies:
      node-polyglot: 2.4.2
      ra-core: 3.19.10_7141011ec4806652fcd95dfc96b29f17
    transitivePeerDependencies:
      - connected-react-router
      - final-form
      - react
      - react-dom
      - react-final-form
      - react-redux
      - react-router
      - react-router-dom
      - redux
      - redux-saga
    dev: false

  /ra-language-english/3.19.10_7141011ec4806652fcd95dfc96b29f17:
    resolution: {integrity: sha512-SE6MRdxXjg9yL+baE0WGW5pTd6mEwWpHSGnAm3e3VTH8pqXzHDCOI7JieHYWfKz1uSQUaHYqRJ5hxVKiBA85UA==}
    dependencies:
      ra-core: 3.19.10_7141011ec4806652fcd95dfc96b29f17
    transitivePeerDependencies:
      - connected-react-router
      - final-form
      - react
      - react-dom
      - react-final-form
      - react-redux
      - react-router
      - react-router-dom
      - redux
      - redux-saga
    dev: false

  /ra-ui-materialui/3.19.10_67c4d1f0afae6bda1eb120139739a862:
    resolution: {integrity: sha512-X7L6nroduA3bJwWFJ97N/n/Nx2F54egI+c4PUpKzddYU2LWFJXpyu/iCAmCGhaoqsAIBur1qMPQ5ZNPxj8iq8A==}
    peerDependencies:
      '@material-ui/core': ^4.12.1
      '@material-ui/icons': ^4.11.2
      '@material-ui/styles': ^4.11.4
      final-form: ^4.20.2
      final-form-arrays: ^3.0.2
      ra-core: ^3.14.0
      react: ^16.9.0 || ^17.0.0
      react-dom: ^16.9.0 || ^17.0.0
      react-final-form: ^6.5.2
      react-final-form-arrays: ^3.1.3
      react-redux: ^7.1.0
      react-router: ^5.1.0
      react-router-dom: ^5.1.0
      redux: ^3.7.2 || ^4.0.3
    dependencies:
      '@material-ui/core': 4.12.3
      '@material-ui/icons': 4.11.2_@material-ui+core@4.12.3
      '@material-ui/styles': 4.11.4
      autosuggest-highlight: 3.2.1
      classnames: 2.2.6
      connected-react-router: 6.9.2_f154a62d2800dc49809e7ba2283258df
      css-mediaquery: 0.1.2
      downshift: 3.2.7
      final-form: 4.20.6
      final-form-arrays: 3.0.2_final-form@4.20.6
      inflection: 1.13.2
      jsonexport: 2.5.2
      lodash: 4.17.21
      prop-types: 15.8.1
      query-string: 5.1.1
      ra-core: 3.19.10_7141011ec4806652fcd95dfc96b29f17
      react-dropzone: 10.2.2
      react-final-form: 6.5.8_final-form@4.20.6
      react-final-form-arrays: 3.1.3_d18779213ae80d2903113c3ae679c94c
      react-redux: 7.2.6
      react-router: 5.2.1
      react-router-dom: 5.3.0
      react-transition-group: 4.4.2
      redux: 4.1.2
    transitivePeerDependencies:
      - history
    dev: false

  /react-admin/3.19.10:
    resolution: {integrity: sha512-5ORgiWBwCF6S2CrexqJOm0vMbf3y9hFefJD4J+JOAgRNgsiA57/7ajSVqWo3Esyz89eiy17Sf6Ocb4HZDdjeUg==}
    peerDependencies:
      react: ^16.9.0 || ^17.0.0
      react-dom: ^16.9.0 || ^17.0.0
    dependencies:
      '@material-ui/core': 4.12.3
      '@material-ui/icons': 4.11.2_@material-ui+core@4.12.3
      '@material-ui/styles': 4.11.4
      connected-react-router: 6.9.2_f154a62d2800dc49809e7ba2283258df
      final-form: 4.20.6
      final-form-arrays: 3.0.2_final-form@4.20.6
      ra-core: 3.19.10_7141011ec4806652fcd95dfc96b29f17
      ra-i18n-polyglot: 3.19.10_7141011ec4806652fcd95dfc96b29f17
      ra-language-english: 3.19.10_7141011ec4806652fcd95dfc96b29f17
      ra-ui-materialui: 3.19.10_67c4d1f0afae6bda1eb120139739a862
      react-final-form: 6.5.8_final-form@4.20.6
      react-final-form-arrays: 3.1.3_d18779213ae80d2903113c3ae679c94c
      react-redux: 7.2.6
      react-router: 5.2.1
      react-router-dom: 5.3.0
      redux: 4.1.2
      redux-saga: 1.1.3
    transitivePeerDependencies:
      - '@types/react'
      - history
      - react-native
    dev: false

  /react-dropzone/10.2.2:
    resolution: {integrity: sha512-U5EKckXVt6IrEyhMMsgmHQiWTGLudhajPPG77KFSvgsMqNEHSyGpqWvOMc5+DhEah/vH4E1n+J5weBNLd5VtyA==}
    engines: {node: '>= 8'}
    peerDependencies:
      react: '>= 16.8'
    dependencies:
      attr-accept: 2.2.2
      file-selector: 0.1.19
      prop-types: 15.8.1
    dev: false

  /react-final-form-arrays/3.1.3_d18779213ae80d2903113c3ae679c94c:
    resolution: {integrity: sha512-dzBiLfbr9l1YRExARBpJ8uA/djBenCvFrbrsXjd362joDl3vT+WhmMKKr6HDQMJffjA8T4gZ3n5+G9M59yZfuQ==}
    peerDependencies:
      final-form: ^4.15.0
      final-form-arrays: '>=1.0.4'
      react: ^16.8.0 || ^17.0.0
      react-final-form: ^6.2.1
    dependencies:
      '@babel/runtime': 7.17.8
      final-form: 4.20.6
      final-form-arrays: 3.0.2_final-form@4.20.6
      react-final-form: 6.5.8_final-form@4.20.6
    dev: false

  /react-final-form/6.5.8_final-form@4.20.6:
    resolution: {integrity: sha512-j8Rmr5zAaMliNbh+CPnY734exHfk7MjQ8I6ZcykcChmPDFPV2aF40PFAcmQ/KreA10AI8ew0tff6q0gVqwFaGA==}
    peerDependencies:
      final-form: ^4.20.4
      react: ^16.8.0 || ^17.0.0
    dependencies:
      '@babel/runtime': 7.17.8
      final-form: 4.20.6
    dev: false

  /react-is/16.13.1:
    resolution: {integrity: sha512-24e6ynE2H+OKt4kqsOvNd8kBpV65zoxbA4BVsEOB3ARVWQki/DHzaUoC5KuON/BiccDaCCTZBuOcfZs70kR8bQ==}
    dev: false

  /react-is/17.0.2:
    resolution: {integrity: sha512-w2GsyukL62IJnlaff/nRegPQR94C/XXamvMWmSHRJ4y7Ts/4ocGRmTHvOs8PSE6pB3dWOrD/nueuU5sduBsQ4w==}
    dev: false

  /react-redux/7.2.6:
    resolution: {integrity: sha512-10RPdsz0UUrRL1NZE0ejTkucnclYSgXp5q+tB5SWx2qeG2ZJQJyymgAhwKy73yiL/13btfB6fPr+rgbMAaZIAQ==}
    peerDependencies:
      react: ^16.8.3 || ^17
      react-dom: '*'
      react-native: '*'
    peerDependenciesMeta:
      react-dom:
        optional: true
      react-native:
        optional: true
    dependencies:
      '@babel/runtime': 7.17.8
      '@types/react-redux': 7.1.23
      hoist-non-react-statics: 3.3.2
      loose-envify: 1.4.0
      prop-types: 15.8.1
      react-is: 17.0.2
    dev: false

  /react-router-dom/5.3.0:
    resolution: {integrity: sha512-ObVBLjUZsphUUMVycibxgMdh5jJ1e3o+KpAZBVeHcNQZ4W+uUGGWsokurzlF4YOldQYRQL4y6yFRWM4m3svmuQ==}
    peerDependencies:
      react: '>=15'
    dependencies:
      '@babel/runtime': 7.17.8
      history: 4.10.1
      loose-envify: 1.4.0
      prop-types: 15.8.1
      react-router: 5.2.1
      tiny-invariant: 1.2.0
      tiny-warning: 1.0.3
    dev: false

  /react-router/5.2.1:
    resolution: {integrity: sha512-lIboRiOtDLFdg1VTemMwud9vRVuOCZmUIT/7lUoZiSpPODiiH1UQlfXy+vPLC/7IWdFYnhRwAyNqA/+I7wnvKQ==}
    peerDependencies:
      react: '>=15'
    dependencies:
      '@babel/runtime': 7.17.8
      history: 4.10.1
      hoist-non-react-statics: 3.3.2
      loose-envify: 1.4.0
      mini-create-react-context: 0.4.1_prop-types@15.8.1
      path-to-regexp: 1.8.0
      prop-types: 15.8.1
      react-is: 16.13.1
      tiny-invariant: 1.2.0
      tiny-warning: 1.0.3
    dev: false

  /react-transition-group/4.4.2:
    resolution: {integrity: sha512-/RNYfRAMlZwDSr6z4zNKV6xu53/e2BuaBbGhbyYIXTrmgu/bGHzmqOs7mJSJBHy9Ud+ApHx3QjrkKSp1pxvlFg==}
    peerDependencies:
      react: '>=16.6.0'
      react-dom: '>=16.6.0'
    dependencies:
      '@babel/runtime': 7.17.8
      dom-helpers: 5.2.1
      loose-envify: 1.4.0
      prop-types: 15.8.1
    dev: false

  /redux-saga/1.1.3:
    resolution: {integrity: sha512-RkSn/z0mwaSa5/xH/hQLo8gNf4tlvT18qXDNvedihLcfzh+jMchDgaariQoehCpgRltEm4zHKJyINEz6aqswTw==}
    dependencies:
      '@redux-saga/core': 1.1.3
    dev: false

  /redux/4.1.2:
    resolution: {integrity: sha512-SH8PglcebESbd/shgf6mii6EIoRM0zrQyjcuQ+ojmfxjTtE0z9Y8pa62iA/OJ58qjP6j27uyW4kUF4jl/jd6sw==}
    dependencies:
      '@babel/runtime': 7.17.8
    dev: false

  /regenerator-runtime/0.13.9:
    resolution: {integrity: sha512-p3VT+cOEgxFsRRA9X4lkI1E+k2/CtnKtU4gcxyaCUreilL/vqI6CdZ3wxVUx3UOUg+gnUOQQcRI7BmSI656MYA==}
    dev: false

  /reselect/3.0.1:
    resolution: {integrity: sha1-79qpjqdFEyTQkrKyFjpqHXqaIUc=}
    dev: false

  /resolve-pathname/3.0.0:
    resolution: {integrity: sha512-C7rARubxI8bXFNB/hqcp/4iUeIXJhJZvFPFPiSPRnhU5UPxzMFIl+2E6yY6c4k9giDJAhtV+enfA+G89N6Csng==}
    dev: false

  /seamless-immutable/7.1.4:
    resolution: {integrity: sha512-XiUO1QP4ki4E2PHegiGAlu6r82o5A+6tRh7IkGGTVg/h+UoeX4nFBeCGPOhb4CYjvkqsfm/TUtvOMYC1xmV30A==}
    requiresBuild: true
    dev: false
    optional: true

  /side-channel/1.0.4:
    resolution: {integrity: sha512-q5XPytqFEIKHkGdiMIrY10mvLRvnQh42/+GoBlFW3b2LXLE2xxJpZFdm94we0BaoV3RwJyGqg5wS7epxTv0Zvw==}
    dependencies:
      call-bind: 1.0.2
      get-intrinsic: 1.1.1
      object-inspect: 1.12.0
    dev: false

  /strict-uri-encode/1.1.0:
    resolution: {integrity: sha1-J5siXfHVgrH1TmWt3UNS4Y+qBxM=}
    engines: {node: '>=0.10.0'}
    dev: false

  /string.prototype.trim/1.2.5:
    resolution: {integrity: sha512-Lnh17webJVsD6ECeovpVN17RlAKjmz4rF9S+8Y45CkMc/ufVpTkU3vZIyIC7sllQ1FCvObZnnCdNs/HXTUOTlg==}
    engines: {node: '>= 0.4'}
    dependencies:
      call-bind: 1.0.2
      define-properties: 1.1.3
      es-abstract: 1.19.1
    dev: false

  /string.prototype.trimend/1.0.4:
    resolution: {integrity: sha512-y9xCjw1P23Awk8EvTpcyL2NIr1j7wJ39f+k6lvRnSMz+mz9CGz9NYPelDk42kOz6+ql8xjfK8oYzy3jAP5QU5A==}
    dependencies:
      call-bind: 1.0.2
      define-properties: 1.1.3
    dev: false

  /string.prototype.trimstart/1.0.4:
    resolution: {integrity: sha512-jh6e984OBfvxS50tdY2nRZnoC5/mLFKOREQfw8t5yytkoUsJRNxvI/E39qu1sD0OtWI3OC0XgKSmcWwziwYuZw==}
    dependencies:
      call-bind: 1.0.2
      define-properties: 1.1.3
    dev: false

  /tiny-invariant/1.2.0:
    resolution: {integrity: sha512-1Uhn/aqw5C6RI4KejVeTg6mIS7IqxnLJ8Mv2tV5rTc0qWobay7pDUz6Wi392Cnc8ak1H0F2cjoRzb2/AW4+Fvg==}
    dev: false

  /tiny-warning/1.0.3:
    resolution: {integrity: sha512-lBN9zLN/oAf68o3zNXYrdCt1kP8WsiGW8Oo2ka41b2IM5JL/S1CTyX1rW0mb/zSuJun0ZUrDxx4sqvYS2FWzPA==}
    dev: false

  /tslib/2.3.1:
    resolution: {integrity: sha512-77EbyPPpMz+FRFRuAFlWMtmgUWGe9UOG2Z25NqCwiIjRhOf5iKGuzSe5P2w1laq+FkRy4p+PCuVkJSGkzTEKVw==}
    dev: false

  /turbo-darwin-64/1.1.6:
    resolution: {integrity: sha512-xzl79T7mPKaIGhMBCAzpTvXkbFNZaMyeOMsNXxVT5dTY+d3FwLFfbqHIoG1dH745TbH6i67bxtt70lKdQa+qdQ==}
    cpu: [x64]
    os: [darwin]
    requiresBuild: true
    dev: true
    optional: true

  /turbo-darwin-arm64/1.1.6:
    resolution: {integrity: sha512-r0D+Kfwcaqec5h9Xa4T/VD6mWZ2LQr+zOEBBL6UA15htgel06B2eXiGdjRiw4i7ieV80tEBEDdz9tSWJBhAL/Q==}
    cpu: [arm64]
    os: [darwin]
    requiresBuild: true
    dev: true
    optional: true

  /turbo-freebsd-64/1.1.6:
    resolution: {integrity: sha512-v5MJeRcyeCDF3La40TOub0+/OuGGFuLzlVHb4jYxthESbtLve1H23bDiL+4gCQgPYOsKMOvKQpuoMaKW2gxk7A==}
    cpu: [x64]
    os: [freebsd]
    requiresBuild: true
    dev: true
    optional: true

  /turbo-freebsd-arm64/1.1.6:
    resolution: {integrity: sha512-5gm3r+M5f/Idt/pggyCQ+MZSlaUdxUeb/4LtPohhWOoj4PYo1o5kwInaRlckr7uV36E4/npDvz9cDV96Pohejg==}
    cpu: [arm64]
    os: [freebsd]
    requiresBuild: true
    dev: true
    optional: true

  /turbo-linux-32/1.1.6:
    resolution: {integrity: sha512-dLc1Vd/LQP5n3NGLMf+cdaK99sMWvHdDvTUSrSwoYDy5fWFpUm0E12lAxRH3tikX2m7Kfcy2uY5xSJIuq5xzYQ==}
    cpu: [ia32]
    os: [linux]
    requiresBuild: true
    dev: true
    optional: true

  /turbo-linux-64/1.1.6:
    resolution: {integrity: sha512-V4rb41yQUA+vPDgXc06oHmKbgrBUbwm09oRtjvmlIQU8zX8qujMPZIun8tGP4NuzErJXGzD3WDgj7VSsO23IIw==}
    cpu: [x64]
    os: [linux]
    requiresBuild: true
    dev: true
    optional: true

  /turbo-linux-arm/1.1.6:
    resolution: {integrity: sha512-zAaIa0+EhRYYkM51ruB1LCUqyeigK66A+KfXZ3Y9+aiKg7EYbDvuv+ReD4srLPKoIuAxR5dYlk5RVhSKejt2Cw==}
    cpu: [arm]
    os: [linux]
    requiresBuild: true
    dev: true
    optional: true

  /turbo-linux-arm64/1.1.6:
    resolution: {integrity: sha512-QsE7gow3WxWXKwNWJX4DIJys6xc6Up4/icjdTZCZbglPLwuG2UiUzjJ2+beXxVU4EmpQF6NwKubHCtrs8m8/kQ==}
    cpu: [arm64]
    os: [linux]
    requiresBuild: true
    dev: true
    optional: true

  /turbo-linux-mips64le/1.1.6:
    resolution: {integrity: sha512-098DB9daXoI6LRCkuOv1Pqim+H4wXZrFza9Xd7zJIel1WmxEgNsHqWpSH5Jn2J92LbkWl+tfN1+myw4+a4ESfw==}
    cpu: [mips64el]
    os: [linux]
    requiresBuild: true
    dev: true
    optional: true

  /turbo-linux-ppc64le/1.1.6:
    resolution: {integrity: sha512-U5A1mnsGM994h/1VT4FbsV/bb+I0fgvkY5/TTX7MfA9Iwt0SxsNlh+Jgofe1svPz0CKEe6Hl2WQSGHTlBPJb5Q==}
    cpu: [ppc64]
    os: [linux]
    requiresBuild: true
    dev: true
    optional: true

  /turbo-windows-32/1.1.6:
    resolution: {integrity: sha512-0C+/EI11j8ABtI6O2n+NYL2osDI6moo7YL8pqiWbNrdEGI2KbeCTVQpruUH+GONsMov06pR4BouL9UT2jSpG0g==}
    cpu: [ia32]
    os: [win32]
    requiresBuild: true
    dev: true
    optional: true

  /turbo-windows-64/1.1.6:
    resolution: {integrity: sha512-O2kC+7+zuMjFIi6mpU1qz+Bv27TcHkkCczcDNVU29G52pm5lwj7BZ+/gu+EPJSnF5VrgdA6Oru6KVXPRS1q+Cg==}
    cpu: [x64]
    os: [win32]
    requiresBuild: true
    dev: true
    optional: true

  /turbo/1.1.6:
    resolution: {integrity: sha512-pZTc6Sb5MtK/X/qhiDSssc8AZWoUoYf14ZqYjvDWg/aEtqgwYorVJqfRcj4XOXOqtVZ3gO/91eXwdyh/q2aQHA==}
    hasBin: true
    requiresBuild: true
    optionalDependencies:
      turbo-darwin-64: 1.1.6
      turbo-darwin-arm64: 1.1.6
      turbo-freebsd-64: 1.1.6
      turbo-freebsd-arm64: 1.1.6
      turbo-linux-32: 1.1.6
      turbo-linux-64: 1.1.6
      turbo-linux-arm: 1.1.6
      turbo-linux-arm64: 1.1.6
      turbo-linux-mips64le: 1.1.6
      turbo-linux-ppc64le: 1.1.6
      turbo-windows-32: 1.1.6
      turbo-windows-64: 1.1.6
    dev: true

  /typescript-compare/0.0.2:
    resolution: {integrity: sha512-8ja4j7pMHkfLJQO2/8tut7ub+J3Lw2S3061eJLFQcvs3tsmJKp8KG5NtpLn7KcY2w08edF74BSVN7qJS0U6oHA==}
    dependencies:
      typescript-logic: 0.0.0
    dev: false

  /typescript-logic/0.0.0:
    resolution: {integrity: sha512-zXFars5LUkI3zP492ls0VskH3TtdeHCqu0i7/duGt60i5IGPIpAHE/DWo5FqJ6EjQ15YKXrt+AETjv60Dat34Q==}
    dev: false

  /typescript-tuple/2.2.1:
    resolution: {integrity: sha512-Zcr0lbt8z5ZdEzERHAMAniTiIKerFCMgd7yjq1fPnDJ43et/k9twIFQMUYff9k5oXcsQ0WpvFcgzK2ZKASoW6Q==}
    dependencies:
      typescript-compare: 0.0.2
    dev: false

  /unbox-primitive/1.0.1:
    resolution: {integrity: sha512-tZU/3NqK3dA5gpE1KtyiJUrEB0lxnGkMFHptJ7q6ewdZ8s12QrODwNbhIJStmJkd1QDXa1NRA8aF2A1zk/Ypyw==}
    dependencies:
      function-bind: 1.1.1
      has-bigints: 1.0.1
      has-symbols: 1.0.3
      which-boxed-primitive: 1.0.2
    dev: false

  /value-equal/1.0.1:
    resolution: {integrity: sha512-NOJ6JZCAWr0zlxZt+xqCHNTEKOsrks2HQd4MqhP1qy4z1SkbEP467eNx6TgDKXMvUOb+OENfJCZwM+16n7fRfw==}
    dev: false

  /warning/4.0.3:
    resolution: {integrity: sha512-rpJyN222KWIvHJ/F53XSZv0Zl/accqHR8et1kpaMTD/fLCRxtV8iX8czMzY7sVZupTI3zcUTg8eycS2kNF9l6w==}
    dependencies:
      loose-envify: 1.4.0
    dev: false

  /which-boxed-primitive/1.0.2:
    resolution: {integrity: sha512-bwZdv0AKLpplFY2KZRX6TvyuN7ojjr7lwkg6ml0roIy9YeuSr7JS372qlNW18UQYzgYK9ziGcerWqZOmEn9VNg==}
    dependencies:
      is-bigint: 1.0.4
      is-boolean-object: 1.1.2
      is-number-object: 1.0.6
      is-string: 1.0.7
      is-symbol: 1.0.4
    dev: false
